{
  "name": "tran-sister",
  "version": "0.0.0",
  "lockfileVersion": 1,
  "requires": true,
  "dependencies": {
    "on-to-me": {
      "version": "0.0.35",
      "resolved": "https://registry.npmjs.org/on-to-me/-/on-to-me-0.0.35.tgz",
      "integrity": "sha512-NF8poq4eBudvJbZQNtG8xBmYxSlr/azQgc5wEaItyHgi+oTq8i+5dQ5CVI9hf6Ol2IvDRpdZO22E+v9N6+7uzA=="
    },
    "trans-render": {
      "version": "0.0.403",
      "resolved": "https://registry.npmjs.org/trans-render/-/trans-render-0.0.403.tgz",
      "integrity": "sha512-1ejnDHFFDNxaswC7s5bHzYiNi2ce1iOBwtRQM0O64mBENjthf3Lf8QsmoK5Fc6c1x8xKVMkw/HRtZnTG+T+TEg=="
    }
  }
}
